
Microsoft Visual Studio Solution File, Format Version 12.00
# Visual Studio Version 17
VisualStudioVersion = 17.6.33815.320
MinimumVisualStudioVersion = 10.0.40219.1
Project("{FAE04EC0-301F-11D3-BF4B-00C04F79EFBC}") = "prueba_microservicio", "prueba_microservicio\prueba_microservicio.csproj", "{91497562-0A17-4798-8576-3C532E507A9C}"
EndProject
Global
	GlobalSection(SolutionConfigurationPlatforms) = preSolution
		Debug|Any CPU = Debug|Any CPU
		Release|Any CPU = Release|Any CPU
	EndGlobalSection
	GlobalSection(ProjectConfigurationPlatforms) = postSolution
		{91497562-0A17-4798-8576-3C532E507A9C}.Debug|Any CPU.ActiveCfg = Debug|Any CPU
		{91497562-0A17-4798-8576-3C532E507A9C}.Debug|Any CPU.Build.0 = Debug|Any CPU
		{91497562-0A17-4798-8576-3C532E507A9C}.Release|Any CPU.ActiveCfg = Release|Any CPU
		{91497562-0A17-4798-8576-3C532E507A9C}.Release|Any CPU.Build.0 = Release|Any CPU
	EndGlobalSection
	GlobalSection(SolutionProperties) = preSolution
		HideSolutionNode = FALSE
	EndGlobalSection
	GlobalSection(ExtensibilityGlobals) = postSolution
		SolutionGuid = {7B2035FA-E3C2-472B-8DE5-F8CAB1CE0F6E}
	EndGlobalSection
EndGlobal
